
Microsoft Visual Studio Solution File, Format Version 12.00
# Visual Studio Version 16
VisualStudioVersion = 16.0.30320.27
MinimumVisualStudioVersion = 10.0.40219.1
Project("{FAE04EC0-301F-11D3-BF4B-00C04F79EFBC}") = "Kpo4310_nvm.Main", "Kpo4310_nmv.Main\Kpo4310_nvm.Main.csproj", "{26BADFDA-E155-4AFD-A15D-20BF4FBEEAA2}"
EndProject
Project("{FAE04EC0-301F-11D3-BF4B-00C04F79EFBC}") = "Kpo4310_nvm.Lib", "Kpo4310_nvm.Lib\Kpo4310_nvm.Lib.csproj", "{0B017C53-250B-4F7A-BEEA-6E7C425294DA}"
EndProject
Project("{FAE04EC0-301F-11D3-BF4B-00C04F79EFBC}") = "UnitTestProject", "UnitTestProject\UnitTestProject.csproj", "{8F6C5EE4-8DF6-48BD-BCE9-580BCC84476B}"
EndProject
Global
	GlobalSection(SolutionConfigurationPlatforms) = preSolution
		Debug|Any CPU = Debug|Any CPU
		Release|Any CPU = Release|Any CPU
	EndGlobalSection
	GlobalSection(ProjectConfigurationPlatforms) = postSolution
		{26BADFDA-E155-4AFD-A15D-20BF4FBEEAA2}.Debug|Any CPU.ActiveCfg = Debug|Any CPU
		{26BADFDA-E155-4AFD-A15D-20BF4FBEEAA2}.Debug|Any CPU.Build.0 = Debug|Any CPU
		{26BADFDA-E155-4AFD-A15D-20BF4FBEEAA2}.Release|Any CPU.ActiveCfg = Release|Any CPU
		{26BADFDA-E155-4AFD-A15D-20BF4FBEEAA2}.Release|Any CPU.Build.0 = Release|Any CPU
		{0B017C53-250B-4F7A-BEEA-6E7C425294DA}.Debug|Any CPU.ActiveCfg = Debug|Any CPU
		{0B017C53-250B-4F7A-BEEA-6E7C425294DA}.Debug|Any CPU.Build.0 = Debug|Any CPU
		{0B017C53-250B-4F7A-BEEA-6E7C425294DA}.Release|Any CPU.ActiveCfg = Release|Any CPU
		{0B017C53-250B-4F7A-BEEA-6E7C425294DA}.Release|Any CPU.Build.0 = Release|Any CPU
		{8F6C5EE4-8DF6-48BD-BCE9-580BCC84476B}.Debug|Any CPU.ActiveCfg = Debug|Any CPU
		{8F6C5EE4-8DF6-48BD-BCE9-580BCC84476B}.Debug|Any CPU.Build.0 = Debug|Any CPU
		{8F6C5EE4-8DF6-48BD-BCE9-580BCC84476B}.Release|Any CPU.ActiveCfg = Release|Any CPU
		{8F6C5EE4-8DF6-48BD-BCE9-580BCC84476B}.Release|Any CPU.Build.0 = Release|Any CPU
	EndGlobalSection
	GlobalSection(SolutionProperties) = preSolution
		HideSolutionNode = FALSE
	EndGlobalSection
	GlobalSection(ExtensibilityGlobals) = postSolution
		SolutionGuid = {1B1DBC2B-4961-4531-9A0E-B77C4EA2098B}
	EndGlobalSection
EndGlobal
